{
  "version": 4,
  "terraform_version": "1.9.3",
  "serial": 6,
  "lineage": "b2b8571f-8997-39d2-6529-07ddd0337ab8",
  "outputs": {},
  "resources": [
    {
      "mode": "data",
      "type": "google_project",
      "name": "project",
      "provider": "provider[\"registry.terraform.io/hashicorp/google\"]",
      "instances": [
        {
          "schema_version": 0,
          "attributes": {
            "auto_create_network": null,
            "billing_account": "016F08-2ADE70-9DDA7F",
            "deletion_policy": "PREVENT",
            "effective_labels": {},
            "folder_id": "",
            "id": "projects/my-project-4-386519",
            "labels": {},
            "name": "my-project-4",
            "number": "904358682757",
            "org_id": "756765533566",
            "project_id": "my-project-4-386519",
            "tags": null,
            "terraform_labels": {}
          },
          "sensitive_attributes": []
        }
      ]
    },
    {
      "mode": "managed",
      "type": "google_project_iam_member",
      "name": "agent_runtime_permissions",
      "provider": "provider[\"registry.terraform.io/hashicorp/google\"]",
      "instances": [
        {
          "schema_version": 0,
          "attributes": {
            "condition": [],
            "etag": "BwY57ZORiOo=",
            "id": "my-project-4-386519/roles/aiplatform.user/serviceAccount:904358682757-compute@developer.gserviceaccount.com",
            "member": "serviceAccount:904358682757-compute@developer.gserviceaccount.com",
            "project": "my-project-4-386519",
            "role": "roles/aiplatform.user"
          },
          "sensitive_attributes": [],
          "private": "bnVsbA==",
          "dependencies": [
            "data.google_project.project"
          ]
        }
      ]
    },
    {
      "mode": "managed",
      "type": "google_project_iam_member",
      "name": "cloud_build_agent_engine_permissions",
      "provider": "provider[\"registry.terraform.io/hashicorp/google\"]",
      "instances": [
        {
          "index_key": "roles/aiplatform.user",
          "schema_version": 0,
          "attributes": {
            "condition": [],
            "etag": "BwY57ZORiOo=",
            "id": "my-project-4-386519/roles/aiplatform.user/serviceAccount:904358682757@cloudbuild.gserviceaccount.com",
            "member": "serviceAccount:904358682757@cloudbuild.gserviceaccount.com",
            "project": "my-project-4-386519",
            "role": "roles/aiplatform.user"
          },
          "sensitive_attributes": [],
          "private": "bnVsbA==",
          "dependencies": [
            "data.google_project.project"
          ]
        },
        {
          "index_key": "roles/iam.serviceAccountUser",
          "schema_version": 0,
          "attributes": {
            "condition": [],
            "etag": "BwY57ZORiOo=",
            "id": "my-project-4-386519/roles/iam.serviceAccountUser/serviceAccount:904358682757@cloudbuild.gserviceaccount.com",
            "member": "serviceAccount:904358682757@cloudbuild.gserviceaccount.com",
            "project": "my-project-4-386519",
            "role": "roles/iam.serviceAccountUser"
          },
          "sensitive_attributes": [],
          "private": "bnVsbA==",
          "dependencies": [
            "data.google_project.project"
          ]
        },
        {
          "index_key": "roles/storage.admin",
          "schema_version": 0,
          "attributes": {
            "condition": [],
            "etag": "BwY57ZORiOo=",
            "id": "my-project-4-386519/roles/storage.admin/serviceAccount:904358682757@cloudbuild.gserviceaccount.com",
            "member": "serviceAccount:904358682757@cloudbuild.gserviceaccount.com",
            "project": "my-project-4-386519",
            "role": "roles/storage.admin"
          },
          "sensitive_attributes": [],
          "private": "bnVsbA==",
          "dependencies": [
            "data.google_project.project"
          ]
        }
      ]
    }
  ],
  "check_results": null
}
